// !$*UTF8*$!
{
	archiveVersion = 1;
	classes = {
	};
	objectVersion = 48;
	objects = {

/* Begin PBXBuildFile section */
		D5567BAA1F76832D00ADCECA /* AppDelegate.swift in Sources */ = {isa = PBXBuildFile; fileRef = D5567BA91F76832D00ADCECA /* AppDelegate.swift */; };
		D5567BAC1F76832D00ADCECA /* ViewController.swift in Sources */ = {isa = PBXBuildFile; fileRef = D5567BAB1F76832D00ADCECA /* ViewController.swift */; };
		D5567BAF1F76832D00ADCECA /* Main.storyboard in Resources */ = {isa = PBXBuildFile; fileRef = D5567BAD1F76832D00ADCECA /* Main.storyboard */; };
		D5567BB11F76832D00ADCECA /* Assets.xcassets in Resources */ = {isa = PBXBuildFile; fileRef = D5567BB01F76832D00ADCECA /* Assets.xcassets */; };
		D5567BB41F76832D00ADCECA /* LaunchScreen.storyboard in Resources */ = {isa = PBXBuildFile; fileRef = D5567BB21F76832D00ADCECA /* LaunchScreen.storyboard */; };
		D5567BBF1F76832D00ADCECA /* PlanetsTests.swift in Sources */ = {isa = PBXBuildFile; fileRef = D5567BBE1F76832D00ADCECA /* PlanetsTests.swift */; };
		D5567BCA1F76832D00ADCECA /* PlanetsUITests.swift in Sources */ = {isa = PBXBuildFile; fileRef = D5567BC91F76832D00ADCECA /* PlanetsUITests.swift */; };
/* End PBXBuildFile section */

/* Begin PBXContainerItemProxy section */
		D5567BBB1F76832D00ADCECA /* PBXContainerItemProxy */ = {
			isa = PBXContainerItemProxy;
			containerPortal = D5567B9E1F76832D00ADCECA /* Project object */;
			proxyType = 1;
			remoteGlobalIDString = D5567BA51F76832D00ADCECA;
			remoteInfo = Planets;
		};
		D5567BC61F76832D00ADCECA /* PBXContainerItemProxy */ = {
			isa = PBXContainerItemProxy;
			containerPortal = D5567B9E1F76832D00ADCECA /* Project object */;
			proxyType = 1;
			remoteGlobalIDString = D5567BA51F76832D00ADCECA;
			remoteInfo = Planets;
		};
/* End PBXContainerItemProxy section */

/* Begin PBXFileReference section */
		D5567BA61F76832D00ADCECA /* Planets.app */ = {isa = PBXFileReference; explicitFileType = wrapper.application; includeInIndex = 0; path = Planets.app; sourceTree = BUILT_PRODUCTS_DIR; };
		D5567BA91F76832D00ADCECA /* AppDelegate.swift */ = {isa = PBXFileReference; lastKnownFileType = sourcecode.swift; path = AppDelegate.swift; sourceTree = "<group>"; };
		D5567BAB1F76832D00ADCECA /* ViewController.swift */ = {isa = PBXFileReference; lastKnownFileType = sourcecode.swift; path = ViewController.swift; sourceTree = "<group>"; };
		D5567BAE1F76832D00ADCECA /* Base */ = {isa = PBXFileReference; lastKnownFileType = file.storyboard; name = Base; path = Base.lproj/Main.storyboard; sourceTree = "<group>"; };
		D5567BB01F76832D00ADCECA /* Assets.xcassets */ = {isa = PBXFileReference; lastKnownFileType = folder.assetcatalog; path = Assets.xcassets; sourceTree = "<group>"; };
		D5567BB31F76832D00ADCECA /* Base */ = {isa = PBXFileReference; lastKnownFileType = file.storyboard; name = Base; path = Base.lproj/LaunchScreen.storyboard; sourceTree = "<group>"; };
		D5567BB51F76832D00ADCECA /* Info.plist */ = {isa = PBXFileReference; lastKnownFileType = text.plist.xml; path = Info.plist; sourceTree = "<group>"; };
		D5567BBA1F76832D00ADCECA /* PlanetsTests.xctest */ = {isa = PBXFileReference; explicitFileType = wrapper.cfbundle; includeInIndex = 0; path = PlanetsTests.xctest; sourceTree = BUILT_PRODUCTS_DIR; };
		D5567BBE1F76832D00ADCECA /* PlanetsTests.swift */ = {isa = PBXFileReference; lastKnownFileType = sourcecode.swift; path = PlanetsTests.swift; sourceTree = "<group>"; };
		D5567BC01F76832D00ADCECA /* Info.plist */ = {isa = PBXFileReference; lastKnownFileType = text.plist.xml; path = Info.plist; sourceTree = "<group>"; };
		D5567BC51F76832D00ADCECA /* PlanetsUITests.xctest */ = {isa = PBXFileReference; explicitFileType = wrapper.cfbundle; includeInIndex = 0; path = PlanetsUITests.xctest; sourceTree = BUILT_PRODUCTS_DIR; };
		D5567BC91F76832D00ADCECA /* PlanetsUITests.swift */ = {isa = PBXFileReference; lastKnownFileType = sourcecode.swift; path = PlanetsUITests.swift; sourceTree = "<group>"; };
		D5567BCB1F76832D00ADCECA /* Info.plist */ = {isa = PBXFileReference; lastKnownFileType = text.plist.xml; path = Info.plist; sourceTree = "<group>"; };
/* End PBXFileReference section */

/* Begin PBXFrameworksBuildPhase section */
		D5567BA31F76832D00ADCECA /* Frameworks */ = {
			isa = PBXFrameworksBuildPhase;
			buildActionMask = 2147483647;
			files = (
			);
			runOnlyForDeploymentPostprocessing = 0;
		};
		D5567BB71F76832D00ADCECA /* Frameworks */ = {
			isa = PBXFrameworksBuildPhase;
			buildActionMask = 2147483647;
			files = (
			);
			runOnlyForDeploymentPostprocessing = 0;
		};
		D5567BC21F76832D00ADCECA /* Frameworks */ = {
			isa = PBXFrameworksBuildPhase;
			buildActionMask = 2147483647;
			files = (
			);
			runOnlyForDeploymentPostprocessing = 0;
		};
/* End PBXFrameworksBuildPhase section */

/* Begin PBXGroup section */
		D5567B9D1F76832D00ADCECA = {
			isa = PBXGroup;
			children = (
				D5567BA81F76832D00ADCECA /* Planets */,
				D5567BBD1F76832D00ADCECA /* PlanetsTests */,
				D5567BC81F76832D00ADCECA /* PlanetsUITests */,
				D5567BA71F76832D00ADCECA /* Products */,
			);
			sourceTree = "<group>";
		};
		D5567BA71F76832D00ADCECA /* Products */ = {
			isa = PBXGroup;
			children = (
				D5567BA61F76832D00ADCECA /* Planets.app */,
				D5567BBA1F76832D00ADCECA /* PlanetsTests.xctest */,
				D5567BC51F76832D00ADCECA /* PlanetsUITests.xctest */,
			);
			name = Products;
			sourceTree = "<group>";
		};
		D5567BA81F76832D00ADCECA /* Planets */ = {
			isa = PBXGroup;
			children = (
				D5567BA91F76832D00ADCECA /* AppDelegate.swift */,
				D5567BAB1F76832D00ADCECA /* ViewController.swift */,
				D5567BAD1F76832D00ADCECA /* Main.storyboard */,
				D5567BB01F76832D00ADCECA /* Assets.xcassets */,
				D5567BB21F76832D00ADCECA /* LaunchScreen.storyboard */,
				D5567BB51F76832D00ADCECA /* Info.plist */,
			);
			path = Planets;
			sourceTree = "<group>";
		};
		D5567BBD1F76832D00ADCECA /* PlanetsTests */ = {
			isa = PBXGroup;
			children = (
				D5567BBE1F76832D00ADCECA /* PlanetsTests.swift */,
				D5567BC01F76832D00ADCECA /* Info.plist */,
			);
			path = PlanetsTests;
			sourceTree = "<group>";
		};
		D5567BC81F76832D00ADCECA /* PlanetsUITests */ = {
			isa = PBXGroup;
			children = (
				D5567BC91F76832D00ADCECA /* PlanetsUITests.swift */,
				D5567BCB1F76832D00ADCECA /* Info.plist */,
			);
			path = PlanetsUITests;
			sourceTree = "<group>";
		};
/* End PBXGroup section */

/* Begin PBXNativeTarget section */
		D5567BA51F76832D00ADCECA /* Planets */ = {
			isa = PBXNativeTarget;
			buildConfigurationList = D5567BCE1F76832D00ADCECA /* Build configuration list for PBXNativeTarget "Planets" */;
			buildPhases = (
				D5567BA21F76832D00ADCECA /* Sources */,
				D5567BA31F76832D00ADCECA /* Frameworks */,
				D5567BA41F76832D00ADCECA /* Resources */,
			);
			buildRules = (
			);
			dependencies = (
			);
			name = Planets;
			productName = Planets;
			productReference = D5567BA61F76832D00ADCECA /* Planets.app */;
			productType = "com.apple.product-type.application";
		};
		D5567BB91F76832D00ADCECA /* PlanetsTests */ = {
			isa = PBXNativeTarget;
			buildConfigurationList = D5567BD11F76832D00ADCECA /* Build configuration list for PBXNativeTarget "PlanetsTests" */;
			buildPhases = (
				D5567BB61F76832D00ADCECA /* Sources */,
				D5567BB71F76832D00ADCECA /* Frameworks */,
				D5567BB81F76832D00ADCECA /* Resources */,
			);
			buildRules = (
			);
			dependencies = (
				D5567BBC1F76832D00ADCECA /* PBXTargetDependency */,
			);
			name = PlanetsTests;
			productName = PlanetsTests;
			productReference = D5567BBA1F76832D00ADCECA /* PlanetsTests.xctest */;
			productType = "com.apple.product-type.bundle.unit-test";
		};
		D5567BC41F76832D00ADCECA /* PlanetsUITests */ = {
			isa = PBXNativeTarget;
			buildConfigurationList = D5567BD41F76832D00ADCECA /* Build configuration list for PBXNativeTarget "PlanetsUITests" */;
			buildPhases = (
				D5567BC11F76832D00ADCECA /* Sources */,
				D5567BC21F76832D00ADCECA /* Frameworks */,
				D5567BC31F76832D00ADCECA /* Resources */,
			);
			buildRules = (
			);
			dependencies = (
				D5567BC71F76832D00ADCECA /* PBXTargetDependency */,
			);
			name = PlanetsUITests;
			productName = PlanetsUITests;
			productReference = D5567BC51F76832D00ADCECA /* PlanetsUITests.xctest */;
			productType = "com.apple.product-type.bundle.ui-testing";
		};
/* End PBXNativeTarget section */

/* Begin PBXProject section */
		D5567B9E1F76832D00ADCECA /* Project object */ = {
			isa = PBXProject;
			attributes = {
				LastSwiftUpdateCheck = 0900;
				LastUpgradeCheck = 0900;
				ORGANIZATIONNAME = "Ivan Ken Tiu";
				TargetAttributes = {
					D5567BA51F76832D00ADCECA = {
						CreatedOnToolsVersion = 9.0;
						ProvisioningStyle = Automatic;
					};
					D5567BB91F76832D00ADCECA = {
						CreatedOnToolsVersion = 9.0;
						ProvisioningStyle = Automatic;
						TestTargetID = D5567BA51F76832D00ADCECA;
					};
					D5567BC41F76832D00ADCECA = {
						CreatedOnToolsVersion = 9.0;
						ProvisioningStyle = Automatic;
						TestTargetID = D5567BA51F76832D00ADCECA;
					};
				};
			};
			buildConfigurationList = D5567BA11F76832D00ADCECA /* Build configuration list for PBXProject "Planets" */;
			compatibilityVersion = "Xcode 8.0";
			developmentRegion = en;
			hasScannedForEncodings = 0;
			knownRegions = (
				en,
				Base,
			);
			mainGroup = D5567B9D1F76832D00ADCECA;
			productRefGroup = D5567BA71F76832D00ADCECA /* Products */;
			projectDirPath = "";
			projectRoot = "";
			targets = (
				D5567BA51F76832D00ADCECA /* Planets */,
				D5567BB91F76832D00ADCECA /* PlanetsTests */,
				D5567BC41F76832D00ADCECA /* PlanetsUITests */,
			);
		};
/* End PBXProject section */

/* Begin PBXResourcesBuildPhase section */
		D5567BA41F76832D00ADCECA /* Resources */ = {
			isa = PBXResourcesBuildPhase;
			buildActionMask = 2147483647;
			files = (
				D5567BB41F76832D00ADCECA /* LaunchScreen.storyboard in Resources */,
				D5567BB11F76832D00ADCECA /* Assets.xcassets in Resources */,
				D5567BAF1F76832D00ADCECA /* Main.storyboard in Resources */,
			);
			runOnlyForDeploymentPostprocessing = 0;
		};
		D5567BB81F76832D00ADCECA /* Resources */ = {
			isa = PBXResourcesBuildPhase;
			buildActionMask = 2147483647;
			files = (
			);
			runOnlyForDeploymentPostprocessing = 0;
		};
		D5567BC31F76832D00ADCECA /* Resources */ = {
			isa = PBXResourcesBuildPhase;
			buildActionMask = 2147483647;
			files = (
			);
			runOnlyForDeploymentPostprocessing = 0;
		};
/* End PBXResourcesBuildPhase section */

/* Begin PBXSourcesBuildPhase section */
		D5567BA21F76832D00ADCECA /* Sources */ = {
			isa = PBXSourcesBuildPhase;
			buildActionMask = 2147483647;
			files = (
				D5567BAC1F76832D00ADCECA /* ViewController.swift in Sources */,
				D5567BAA1F76832D00ADCECA /* AppDelegate.swift in Sources */,
			);
			runOnlyForDeploymentPostprocessing = 0;
		};
		D5567BB61F76832D00ADCECA /* Sources */ = {
			isa = PBXSourcesBuildPhase;
			buildActionMask = 2147483647;
			files = (
				D5567BBF1F76832D00ADCECA /* PlanetsTests.swift in Sources */,
			);
			runOnlyForDeploymentPostprocessing = 0;
		};
		D5567BC11F76832D00ADCECA /* Sources */ = {
			isa = PBXSourcesBuildPhase;
			buildActionMask = 2147483647;
			files = (
				D5567BCA1F76832D00ADCECA /* PlanetsUITests.swift in Sources */,
			);
			runOnlyForDeploymentPostprocessing = 0;
		};
/* End PBXSourcesBuildPhase section */

/* Begin PBXTargetDependency section */
		D5567BBC1F76832D00ADCECA /* PBXTargetDependency */ = {
			isa = PBXTargetDependency;
			target = D5567BA51F76832D00ADCECA /* Planets */;
			targetProxy = D5567BBB1F76832D00ADCECA /* PBXContainerItemProxy */;
		};
		D5567BC71F76832D00ADCECA /* PBXTargetDependency */ = {
			isa = PBXTargetDependency;
			target = D5567BA51F76832D00ADCECA /* Planets */;
			targetProxy = D5567BC61F76832D00ADCECA /* PBXContainerItemProxy */;
		};
/* End PBXTargetDependency section */

/* Begin PBXVariantGroup section */
		D5567BAD1F76832D00ADCECA /* Main.storyboard */ = {
			isa = PBXVariantGroup;
			children = (
				D5567BAE1F76832D00ADCECA /* Base */,
			);
			name = Main.storyboard;
			sourceTree = "<group>";
		};
		D5567BB21F76832D00ADCECA /* LaunchScreen.storyboard */ = {
			isa = PBXVariantGroup;
			children = (
				D5567BB31F76832D00ADCECA /* Base */,
			);
			name = LaunchScreen.storyboard;
			sourceTree = "<group>";
		};
/* End PBXVariantGroup section */

/* Begin XCBuildConfiguration section */
		D5567BCC1F76832D00ADCECA /* Debug */ = {
			isa = XCBuildConfiguration;
			buildSettings = {
				ALWAYS_SEARCH_USER_PATHS = NO;
				CLANG_ANALYZER_NONNULL = YES;
				CLANG_ANALYZER_NUMBER_OBJECT_CONVERSION = YES_AGGRESSIVE;
				CLANG_CXX_LANGUAGE_STANDARD = "gnu++14";
				CLANG_CXX_LIBRARY = "libc++";
				CLANG_ENABLE_MODULES = YES;
				CLANG_ENABLE_OBJC_ARC = YES;
				CLANG_WARN_BLOCK_CAPTURE_AUTORELEASING = YES;
				CLANG_WARN_BOOL_CONVERSION = YES;
				CLANG_WARN_COMMA = YES;
				CLANG_WARN_CONSTANT_CONVERSION = YES;
				CLANG_WARN_DIRECT_OBJC_ISA_USAGE = YES_ERROR;
				CLANG_WARN_DOCUMENTATION_COMMENTS = YES;
				CLANG_WARN_EMPTY_BODY = YES;
				CLANG_WARN_ENUM_CONVERSION = YES;
				CLANG_WARN_INFINITE_RECURSION = YES;
				CLANG_WARN_INT_CONVERSION = YES;
				CLANG_WARN_NON_LITERAL_NULL_CONVERSION = YES;
				CLANG_WARN_OBJC_LITERAL_CONVERSION = YES;
				CLANG_WARN_OBJC_ROOT_CLASS = YES_ERROR;
				CLANG_WARN_RANGE_LOOP_ANALYSIS = YES;
				CLANG_WARN_STRICT_PROTOTYPES = YES;
				CLANG_WARN_SUSPICIOUS_MOVE = YES;
				CLANG_WARN_UNGUARDED_AVAILABILITY = YES_AGGRESSIVE;
				CLANG_WARN_UNREACHABLE_CODE = YES;
				CLANG_WARN__DUPLICATE_METHOD_MATCH = YES;
				CODE_SIGN_IDENTITY = "iPhone Developer";
				COPY_PHASE_STRIP = NO;
				DEBUG_INFORMATION_FORMAT = dwarf;
				ENABLE_STRICT_OBJC_MSGSEND = YES;
				ENABLE_TESTABILITY = YES;
				GCC_C_LANGUAGE_STANDARD = gnu11;
				GCC_DYNAMIC_NO_PIC = NO;
				GCC_NO_COMMON_BLOCKS = YES;
				GCC_OPTIMIZATION_LEVEL = 0;
				GCC_PREPROCESSOR_DEFINITIONS = (
					"DEBUG=1",
					"$(inherited)",
				);
				GCC_WARN_64_TO_32_BIT_CONVERSION = YES;
				GCC_WARN_ABOUT_RETURN_TYPE = YES_ERROR;
				GCC_WARN_UNDECLARED_SELECTOR = YES;
				GCC_WARN_UNINITIALIZED_AUTOS = YES_AGGRESSIVE;
				GCC_WARN_UNUSED_FUNCTION = YES;
				GCC_WARN_UNUSED_VARIABLE = YES;
				IPHONEOS_DEPLOYMENT_TARGET = 11.0;
				MTL_ENABLE_DEBUG_INFO = YES;
				ONLY_ACTIVE_ARCH = YES;
				SDKROOT = iphoneos;
				SWIFT_ACTIVE_COMPILATION_CONDITIONS = DEBUG;
				SWIFT_OPTIMIZATION_LEVEL = "-Onone";
			};
			name = Debug;
		};
		D5567BCD1F76832D00ADCECA /* Release */ = {
			isa = XCBuildConfiguration;
			buildSettings = {
				ALWAYS_SEARCH_USER_PATHS = NO;
				CLANG_ANALYZER_NONNULL = YES;
				CLANG_ANALYZER_NUMBER_OBJECT_CONVERSION = YES_AGGRESSIVE;
				CLANG_CXX_LANGUAGE_STANDARD = "gnu++14";
				CLANG_CXX_LIBRARY = "libc++";
				CLANG_ENABLE_MODULES = YES;
				CLANG_ENABLE_OBJC_ARC = YES;
				CLANG_WARN_BLOCK_CAPTURE_AUTORELEASING = YES;
				CLANG_WARN_BOOL_CONVERSION = YES;
				CLANG_WARN_COMMA = YES;
				CLANG_WARN_CONSTANT_CONVERSION = YES;
				CLANG_WARN_DIRECT_OBJC_ISA_USAGE = YES_ERROR;
				CLANG_WARN_DOCUMENTATION_COMMENTS = YES;
				CLANG_WARN_EMPTY_BODY = YES;
				CLANG_WARN_ENUM_CONVERSION = YES;
				CLANG_WARN_INFINITE_RECURSION = YES;
				CLANG_WARN_INT_CONVERSION = YES;
				CLANG_WARN_NON_LITERAL_NULL_CONVERSION = YES;
				CLANG_WARN_OBJC_LITERAL_CONVERSION = YES;
				CLANG_WARN_OBJC_ROOT_CLASS = YES_ERROR;
				CLANG_WARN_RANGE_LOOP_ANALYSIS = YES;
				CLANG_WARN_STRICT_PROTOTYPES = YES;
				CLANG_WARN_SUSPICIOUS_MOVE = YES;
				CLANG_WARN_UNGUARDED_AVAILABILITY = YES_AGGRESSIVE;
				CLANG_WARN_UNREACHABLE_CODE = YES;
				CLANG_WARN__DUPLICATE_METHOD_MATCH = YES;
				CODE_SIGN_IDENTITY = "iPhone Developer";
				COPY_PHASE_STRIP = NO;
				DEBUG_INFORMATION_FORMAT = "dwarf-with-dsym";
				ENABLE_NS_ASSERTIONS = NO;
				ENABLE_STRICT_OBJC_MSGSEND = YES;
				GCC_C_LANGUAGE_STANDARD = gnu11;
				GCC_NO_COMMON_BLOCKS = YES;
				GCC_WARN_64_TO_32_BIT_CONVERSION = YES;
				GCC_WARN_ABOUT_RETURN_TYPE = YES_ERROR;
				GCC_WARN_UNDECLARED_SELECTOR = YES;
				GCC_WARN_UNINITIALIZED_AUTOS = YES_AGGRESSIVE;
				GCC_WARN_UNUSED_FUNCTION = YES;
				GCC_WARN_UNUSED_VARIABLE = YES;
				IPHONEOS_DEPLOYMENT_TARGET = 11.0;
				MTL_ENABLE_DEBUG_INFO = NO;
				SDKROOT = iphoneos;
				SWIFT_OPTIMIZATION_LEVEL = "-Owholemodule";
				VALIDATE_PRODUCT = YES;
			};
			name = Release;
		};
		D5567BCF1F76832D00ADCECA /* Debug */ = {
			isa = XCBuildConfiguration;
			buildSettings = {
				ASSETCATALOG_COMPILER_APPICON_NAME = AppIcon;
				CODE_SIGN_STYLE = Automatic;
				DEVELOPMENT_TEAM = 59ACBTQ2AR;
				INFOPLIST_FILE = Planets/Info.plist;
				LD_RUNPATH_SEARCH_PATHS = "$(inherited) @executable_path/Frameworks";
				PRODUCT_BUNDLE_IDENTIFIER = "Coolboys-Entertainment.Planets";
				PRODUCT_NAME = "$(TARGET_NAME)";
				SWIFT_VERSION = 4.0;
				TARGETED_DEVICE_FAMILY = "1,2";
			};
			name = Debug;
		};
		D5567BD01F76832D00ADCECA /* Release */ = {
			isa = XCBuildConfiguration;
			buildSettings = {
				ASSETCATALOG_COMPILER_APPICON_NAME = AppIcon;
				CODE_SIGN_STYLE = Automatic;
				DEVELOPMENT_TEAM = 59ACBTQ2AR;
				INFOPLIST_FILE = Planets/Info.plist;
				LD_RUNPATH_SEARCH_PATHS = "$(inherited) @executable_path/Frameworks";
				PRODUCT_BUNDLE_IDENTIFIER = "Coolboys-Entertainment.Planets";
				PRODUCT_NAME = "$(TARGET_NAME)";
				SWIFT_VERSION = 4.0;
				TARGETED_DEVICE_FAMILY = "1,2";
			};
			name = Release;
		};
		D5567BD21F76832D00ADCECA /* Debug */ = {
			isa = XCBuildConfiguration;
			buildSettings = {
				ALWAYS_EMBED_SWIFT_STANDARD_LIBRARIES = YES;
				BUNDLE_LOADER = "$(TEST_HOST)";
				CODE_SIGN_STYLE = Automatic;
				INFOPLIST_FILE = PlanetsTests/Info.plist;
				LD_RUNPATH_SEARCH_PATHS = "$(inherited) @executable_path/Frameworks @loader_path/Frameworks";
				PRODUCT_BUNDLE_IDENTIFIER = "Coolboys-Entertainment.PlanetsTests";
				PRODUCT_NAME = "$(TARGET_NAME)";
				SWIFT_VERSION = 4.0;
				TARGETED_DEVICE_FAMILY = "1,2";
				TEST_HOST = "$(BUILT_PRODUCTS_DIR)/Planets.app/Planets";
			};
			name = Debug;
		};
		D5567BD31F76832D00ADCECA /* Release */ = {
			isa = XCBuildConfiguration;
			buildSettings = {
				ALWAYS_EMBED_SWIFT_STANDARD_LIBRARIES = YES;
				BUNDLE_LOADER = "$(TEST_HOST)";
				CODE_SIGN_STYLE = Automatic;
				INFOPLIST_FILE = PlanetsTests/Info.plist;
				LD_RUNPATH_SEARCH_PATHS = "$(inherited) @executable_path/Frameworks @loader_path/Frameworks";
				PRODUCT_BUNDLE_IDENTIFIER = "Coolboys-Entertainment.PlanetsTests";
				PRODUCT_NAME = "$(TARGET_NAME)";
				SWIFT_VERSION = 4.0;
				TARGETED_DEVICE_FAMILY = "1,2";
				TEST_HOST = "$(BUILT_PRODUCTS_DIR)/Planets.app/Planets";
			};
			name = Release;
		};
		D5567BD51F76832D00ADCECA /* Debug */ = {
			isa = XCBuildConfiguration;
			buildSettings = {
				ALWAYS_EMBED_SWIFT_STANDARD_LIBRARIES = YES;
				CODE_SIGN_STYLE = Automatic;
				INFOPLIST_FILE = PlanetsUITests/Info.plist;
				LD_RUNPATH_SEARCH_PATHS = "$(inherited) @executable_path/Frameworks @loader_path/Frameworks";
				PRODUCT_BUNDLE_IDENTIFIER = "Coolboys-Entertainment.PlanetsUITests";
				PRODUCT_NAME = "$(TARGET_NAME)";
				SWIFT_VERSION = 4.0;
				TARGETED_DEVICE_FAMILY = "1,2";
				TEST_TARGET_NAME = Planets;
			};
			name = Debug;
		};
		D5567BD61F76832D00ADCECA /* Release */ = {
			isa = XCBuildConfiguration;
			buildSettings = {
				ALWAYS_EMBED_SWIFT_STANDARD_LIBRARIES = YES;
				CODE_SIGN_STYLE = Automatic;
				INFOPLIST_FILE = PlanetsUITests/Info.plist;
				LD_RUNPATH_SEARCH_PATHS = "$(inherited) @executable_path/Frameworks @loader_path/Frameworks";
				PRODUCT_BUNDLE_IDENTIFIER = "Coolboys-Entertainment.PlanetsUITests";
				PRODUCT_NAME = "$(TARGET_NAME)";
				SWIFT_VERSION = 4.0;
				TARGETED_DEVICE_FAMILY = "1,2";
				TEST_TARGET_NAME = Planets;
			};
			name = Release;
		};
/* End XCBuildConfiguration section */

/* Begin XCConfigurationList section */
		D5567BA11F76832D00ADCECA /* Build configuration list for PBXProject "Planets" */ = {
			isa = XCConfigurationList;
			buildConfigurations = (
				D5567BCC1F76832D00ADCECA /* Debug */,
				D5567BCD1F76832D00ADCECA /* Release */,
			);
			defaultConfigurationIsVisible = 0;
			defaultConfigurationName = Release;
		};
		D5567BCE1F76832D00ADCECA /* Build configuration list for PBXNativeTarget "Planets" */ = {
			isa = XCConfigurationList;
			buildConfigurations = (
				D5567BCF1F76832D00ADCECA /* Debug */,
				D5567BD01F76832D00ADCECA /* Release */,
			);
			defaultConfigurationIsVisible = 0;
			defaultConfigurationName = Release;
		};
		D5567BD11F76832D00ADCECA /* Build configuration list for PBXNativeTarget "PlanetsTests" */ = {
			isa = XCConfigurationList;
			buildConfigurations = (
				D5567BD21F76832D00ADCECA /* Debug */,
				D5567BD31F76832D00ADCECA /* Release */,
			);
			defaultConfigurationIsVisible = 0;
			defaultConfigurationName = Release;
		};
		D5567BD41F76832D00ADCECA /* Build configuration list for PBXNativeTarget "PlanetsUITests" */ = {
			isa = XCConfigurationList;
			buildConfigurations = (
				D5567BD51F76832D00ADCECA /* Debug */,
				D5567BD61F76832D00ADCECA /* Release */,
			);
			defaultConfigurationIsVisible = 0;
			defaultConfigurationName = Release;
		};
/* End XCConfigurationList section */
	};
	rootObject = D5567B9E1F76832D00ADCECA /* Project object */;
}
